
Microsoft Visual Studio Solution File, Format Version 12.00
# Visual Studio Version 17
VisualStudioVersion = 17.5.33530.505
MinimumVisualStudioVersion = 10.0.40219.1
Project("{8BC9CEB8-8B4A-11D0-8D11-00A0C91BC942}") = "アルゴリズム", "アルゴリズム\アルゴリズム.vcxproj", "{97848BC3-AA6F-4D8A-9A64-18BEFDAF9325}"
EndProject
Global
	GlobalSection(SolutionConfigurationPlatforms) = preSolution
		Debug|x64 = Debug|x64
		Debug|x86 = Debug|x86
		Release|x64 = Release|x64
		Release|x86 = Release|x86
	EndGlobalSection
	GlobalSection(ProjectConfigurationPlatforms) = postSolution
		{97848BC3-AA6F-4D8A-9A64-18BEFDAF9325}.Debug|x64.ActiveCfg = Debug|x64
		{97848BC3-AA6F-4D8A-9A64-18BEFDAF9325}.Debug|x64.Build.0 = Debug|x64
		{97848BC3-AA6F-4D8A-9A64-18BEFDAF9325}.Debug|x86.ActiveCfg = Debug|Win32
		{97848BC3-AA6F-4D8A-9A64-18BEFDAF9325}.Debug|x86.Build.0 = Debug|Win32
		{97848BC3-AA6F-4D8A-9A64-18BEFDAF9325}.Release|x64.ActiveCfg = Release|x64
		{97848BC3-AA6F-4D8A-9A64-18BEFDAF9325}.Release|x64.Build.0 = Release|x64
		{97848BC3-AA6F-4D8A-9A64-18BEFDAF9325}.Release|x86.ActiveCfg = Release|Win32
		{97848BC3-AA6F-4D8A-9A64-18BEFDAF9325}.Release|x86.Build.0 = Release|Win32
	EndGlobalSection
	GlobalSection(SolutionProperties) = preSolution
		HideSolutionNode = FALSE
	EndGlobalSection
	GlobalSection(ExtensibilityGlobals) = postSolution
		SolutionGuid = {ACA50BEA-3032-4772-8D03-0129602EA44A}
	EndGlobalSection
EndGlobal
